<?xml version="1.0" encoding="utf-8"?>
<Project ToolsVersion="4.0" xmlns="http://schemas.microsoft.com/developer/msbuild/2003">
  <ItemGroup>
    <Filter Include="Source Files">
      <UniqueIdentifier>{4FC737F1-C7A5-4376-A066-2A32D752A2FF}</UniqueIdentifier>
      <Extensions>cpp;c;cc;cxx;def;odl;idl;hpj;bat;asm;asmx</Extensions>
    </Filter>
    <Filter Include="Header Files">
      <UniqueIdentifier>{93995380-89BD-4b04-88EB-625FBE52EBFB}</UniqueIdentifier>
      <Extensions>h;hpp;hxx;hm;inl;inc;xsd</Extensions>
    </Filter>
    <Filter Include="Header Files\util">
      <UniqueIdentifier>{497221d8-1116-4880-83f8-6fe282835304}</UniqueIdentifier>
    </Filter>
    <Filter Include="Header Files\vdm">
      <UniqueIdentifier>{260f8917-d70f-4869-81d9-f07600aa2ad1}</UniqueIdentifier>
    </Filter>
  </ItemGroup>
  <ItemGroup>
    <ClCompile Include="map_driver.cpp">
      <Filter>Source Files</Filter>
    </ClCompile>
    <ClCompile Include="vdm_ctx\vdm_ctx.cpp">
      <Filter>Source Files</Filter>
    </ClCompile>
    <ClCompile Include="pe_image\pe_image.cpp">
      <Filter>Source Files</Filter>
    </ClCompile>
    <ClCompile Include="mem_ctx\mem_ctx.cpp">
      <Filter>Source Files</Filter>
    </ClCompile>
    <ClCompile Include="mapper_ctx\mapper_ctx.cpp">
      <Filter>Source Files</Filter>
    </ClCompile>
    <ClCompile Include="set_mgr\set_mgr.cpp">
      <Filter>Source Files</Filter>
    </ClCompile>
  </ItemGroup>
  <ItemGroup>
    <ClInclude Include="util\hook.hpp">
      <Filter>Header Files\util</Filter>
    </ClInclude>
    <ClInclude Include="util\nt.hpp">
      <Filter>Header Files\util</Filter>
    </ClInclude>
    <ClInclude Include="util\util.hpp">
      <Filter>Header Files\util</Filter>
    </ClInclude>
    <ClInclude Include="map_driver.hpp">
      <Filter>Header Files</Filter>
    </ClInclude>
    <ClInclude Include="util\loadup.hpp">
      <Filter>Header Files\util</Filter>
    </ClInclude>
    <ClInclude Include="mem_ctx\mem_ctx.hpp">
      <Filter>Header Files</Filter>
    </ClInclude>
    <ClInclude Include="mapper_ctx\mapper_ctx.hpp">
      <Filter>Header Files</Filter>
    </ClInclude>
    <ClInclude Include="vdm\raw_driver.hpp">
      <Filter>Header Files\vdm</Filter>
    </ClInclude>
    <ClInclude Include="vdm\vdm.hpp">
      <Filter>Header Files\vdm</Filter>
    </ClInclude>
    <ClInclude Include="pe_image\pe_image.h">
      <Filter>Header Files</Filter>
    </ClInclude>
    <ClInclude Include="vdm_ctx\vdm_ctx.h">
      <Filter>Header Files</Filter>
    </ClInclude>
    <ClInclude Include="set_mgr\set_mgr.hpp">
      <Filter>Header Files</Filter>
    </ClInclude>
  </ItemGroup>
</Project>